
Microsoft Visual Studio Solution File, Format Version 12.00
# Visual Studio Version 16
VisualStudioVersion = 16.0.29806.167
MinimumVisualStudioVersion = 10.0.40219.1
Project("{8BC9CEB8-8B4A-11D0-8D11-00A0C91BC942}") = "fgDirect2D", "fgDirect2D\fgDirect2D.vcxproj", "{C07B4A3B-2629-4B98-9C7D-AFD1B90C7516}"
EndProject
Project("{8BC9CEB8-8B4A-11D0-8D11-00A0C91BC942}") = "tests", "tests\tests.vcxproj", "{EC1374D0-01EA-4BBF-B19A-CDA8801C2067}"
	ProjectSection(ProjectDependencies) = postProject
		{C07B4A3B-2629-4B98-9C7D-AFD1B90C7516} = {C07B4A3B-2629-4B98-9C7D-AFD1B90C7516}
		{2DACCFB1-7863-4451-91A7-B4BB844C7746} = {2DACCFB1-7863-4451-91A7-B4BB844C7746}
	EndProjectSection
EndProject
Project("{8BC9CEB8-8B4A-11D0-8D11-00A0C91BC942}") = "fgOpenGL", "fgOpenGL\fgOpenGL.vcxproj", "{2DACCFB1-7863-4451-91A7-B4BB844C7746}"
EndProject
Project("{8BC9CEB8-8B4A-11D0-8D11-00A0C91BC942}") = "cpptest", "cpptest\cpptest.vcxproj", "{0D9EFFFC-2418-43F7-A4DE-C8C2AA472BD2}"
	ProjectSection(ProjectDependencies) = postProject
		{2DACCFB1-7863-4451-91A7-B4BB844C7746} = {2DACCFB1-7863-4451-91A7-B4BB844C7746}
	EndProjectSection
EndProject
Project("{8BC9CEB8-8B4A-11D0-8D11-00A0C91BC942}") = "ui_test", "tests\ui_test.vcxproj", "{8E4E1953-48F3-4BFC-95B6-961B73BB641C}"
	ProjectSection(ProjectDependencies) = postProject
		{2DACCFB1-7863-4451-91A7-B4BB844C7746} = {2DACCFB1-7863-4451-91A7-B4BB844C7746}
	EndProjectSection
EndProject
Project("{8BC9CEB8-8B4A-11D0-8D11-00A0C91BC942}") = "clock", "tests\clock.vcxproj", "{B4B91EE9-7085-4CEA-A9B6-4CA6E23F684B}"
EndProject
Global
	GlobalSection(SolutionConfigurationPlatforms) = preSolution
		Debug|x64 = Debug|x64
		Debug|x86 = Debug|x86
		Debug-Static|x64 = Debug-Static|x64
		Debug-Static|x86 = Debug-Static|x86
		Release|x64 = Release|x64
		Release|x86 = Release|x86
		Release-Static|x64 = Release-Static|x64
		Release-Static|x86 = Release-Static|x86
	EndGlobalSection
	GlobalSection(ProjectConfigurationPlatforms) = postSolution
		{C07B4A3B-2629-4B98-9C7D-AFD1B90C7516}.Debug|x64.ActiveCfg = Debug|x64
		{C07B4A3B-2629-4B98-9C7D-AFD1B90C7516}.Debug|x64.Build.0 = Debug|x64
		{C07B4A3B-2629-4B98-9C7D-AFD1B90C7516}.Debug|x86.ActiveCfg = Debug|Win32
		{C07B4A3B-2629-4B98-9C7D-AFD1B90C7516}.Debug|x86.Build.0 = Debug|Win32
		{C07B4A3B-2629-4B98-9C7D-AFD1B90C7516}.Debug-Static|x64.ActiveCfg = Debug-Static|x64
		{C07B4A3B-2629-4B98-9C7D-AFD1B90C7516}.Debug-Static|x64.Build.0 = Debug-Static|x64
		{C07B4A3B-2629-4B98-9C7D-AFD1B90C7516}.Debug-Static|x86.ActiveCfg = Debug-Static|Win32
		{C07B4A3B-2629-4B98-9C7D-AFD1B90C7516}.Debug-Static|x86.Build.0 = Debug-Static|Win32
		{C07B4A3B-2629-4B98-9C7D-AFD1B90C7516}.Release|x64.ActiveCfg = Release|x64
		{C07B4A3B-2629-4B98-9C7D-AFD1B90C7516}.Release|x64.Build.0 = Release|x64
		{C07B4A3B-2629-4B98-9C7D-AFD1B90C7516}.Release|x86.ActiveCfg = Release|Win32
		{C07B4A3B-2629-4B98-9C7D-AFD1B90C7516}.Release|x86.Build.0 = Release|Win32
		{C07B4A3B-2629-4B98-9C7D-AFD1B90C7516}.Release-Static|x64.ActiveCfg = Release-Static|x64
		{C07B4A3B-2629-4B98-9C7D-AFD1B90C7516}.Release-Static|x64.Build.0 = Release-Static|x64
		{C07B4A3B-2629-4B98-9C7D-AFD1B90C7516}.Release-Static|x86.ActiveCfg = Release-Static|Win32
		{C07B4A3B-2629-4B98-9C7D-AFD1B90C7516}.Release-Static|x86.Build.0 = Release-Static|Win32
		{EC1374D0-01EA-4BBF-B19A-CDA8801C2067}.Debug|x64.ActiveCfg = Debug|x64
		{EC1374D0-01EA-4BBF-B19A-CDA8801C2067}.Debug|x64.Build.0 = Debug|x64
		{EC1374D0-01EA-4BBF-B19A-CDA8801C2067}.Debug|x86.ActiveCfg = Debug|Win32
		{EC1374D0-01EA-4BBF-B19A-CDA8801C2067}.Debug|x86.Build.0 = Debug|Win32
		{EC1374D0-01EA-4BBF-B19A-CDA8801C2067}.Debug-Static|x64.ActiveCfg = Debug|x64
		{EC1374D0-01EA-4BBF-B19A-CDA8801C2067}.Debug-Static|x64.Build.0 = Debug|x64
		{EC1374D0-01EA-4BBF-B19A-CDA8801C2067}.Debug-Static|x86.ActiveCfg = Debug|Win32
		{EC1374D0-01EA-4BBF-B19A-CDA8801C2067}.Debug-Static|x86.Build.0 = Debug|Win32
		{EC1374D0-01EA-4BBF-B19A-CDA8801C2067}.Release|x64.ActiveCfg = Release|x64
		{EC1374D0-01EA-4BBF-B19A-CDA8801C2067}.Release|x64.Build.0 = Release|x64
		{EC1374D0-01EA-4BBF-B19A-CDA8801C2067}.Release|x86.ActiveCfg = Release|Win32
		{EC1374D0-01EA-4BBF-B19A-CDA8801C2067}.Release|x86.Build.0 = Release|Win32
		{EC1374D0-01EA-4BBF-B19A-CDA8801C2067}.Release-Static|x64.ActiveCfg = Release|x64
		{EC1374D0-01EA-4BBF-B19A-CDA8801C2067}.Release-Static|x64.Build.0 = Release|x64
		{EC1374D0-01EA-4BBF-B19A-CDA8801C2067}.Release-Static|x86.ActiveCfg = Release|Win32
		{EC1374D0-01EA-4BBF-B19A-CDA8801C2067}.Release-Static|x86.Build.0 = Release|Win32
		{2DACCFB1-7863-4451-91A7-B4BB844C7746}.Debug|x64.ActiveCfg = Debug|x64
		{2DACCFB1-7863-4451-91A7-B4BB844C7746}.Debug|x64.Build.0 = Debug|x64
		{2DACCFB1-7863-4451-91A7-B4BB844C7746}.Debug|x86.ActiveCfg = Debug|Win32
		{2DACCFB1-7863-4451-91A7-B4BB844C7746}.Debug|x86.Build.0 = Debug|Win32
		{2DACCFB1-7863-4451-91A7-B4BB844C7746}.Debug-Static|x64.ActiveCfg = Debug Static|x64
		{2DACCFB1-7863-4451-91A7-B4BB844C7746}.Debug-Static|x64.Build.0 = Debug Static|x64
		{2DACCFB1-7863-4451-91A7-B4BB844C7746}.Debug-Static|x86.ActiveCfg = Debug|Win32
		{2DACCFB1-7863-4451-91A7-B4BB844C7746}.Debug-Static|x86.Build.0 = Debug|Win32
		{2DACCFB1-7863-4451-91A7-B4BB844C7746}.Release|x64.ActiveCfg = Release|x64
		{2DACCFB1-7863-4451-91A7-B4BB844C7746}.Release|x64.Build.0 = Release|x64
		{2DACCFB1-7863-4451-91A7-B4BB844C7746}.Release|x86.ActiveCfg = Release|Win32
		{2DACCFB1-7863-4451-91A7-B4BB844C7746}.Release|x86.Build.0 = Release|Win32
		{2DACCFB1-7863-4451-91A7-B4BB844C7746}.Release-Static|x64.ActiveCfg = Release Static|x64
		{2DACCFB1-7863-4451-91A7-B4BB844C7746}.Release-Static|x64.Build.0 = Release Static|x64
		{2DACCFB1-7863-4451-91A7-B4BB844C7746}.Release-Static|x86.ActiveCfg = Release|Win32
		{2DACCFB1-7863-4451-91A7-B4BB844C7746}.Release-Static|x86.Build.0 = Release|Win32
		{0D9EFFFC-2418-43F7-A4DE-C8C2AA472BD2}.Debug|x64.ActiveCfg = Debug|x64
		{0D9EFFFC-2418-43F7-A4DE-C8C2AA472BD2}.Debug|x64.Build.0 = Debug|x64
		{0D9EFFFC-2418-43F7-A4DE-C8C2AA472BD2}.Debug|x86.ActiveCfg = Debug|Win32
		{0D9EFFFC-2418-43F7-A4DE-C8C2AA472BD2}.Debug|x86.Build.0 = Debug|Win32
		{0D9EFFFC-2418-43F7-A4DE-C8C2AA472BD2}.Debug-Static|x64.ActiveCfg = Debug Static|x64
		{0D9EFFFC-2418-43F7-A4DE-C8C2AA472BD2}.Debug-Static|x64.Build.0 = Debug Static|x64
		{0D9EFFFC-2418-43F7-A4DE-C8C2AA472BD2}.Debug-Static|x86.ActiveCfg = Debug|Win32
		{0D9EFFFC-2418-43F7-A4DE-C8C2AA472BD2}.Debug-Static|x86.Build.0 = Debug|Win32
		{0D9EFFFC-2418-43F7-A4DE-C8C2AA472BD2}.Release|x64.ActiveCfg = Release|x64
		{0D9EFFFC-2418-43F7-A4DE-C8C2AA472BD2}.Release|x64.Build.0 = Release|x64
		{0D9EFFFC-2418-43F7-A4DE-C8C2AA472BD2}.Release|x86.ActiveCfg = Release|Win32
		{0D9EFFFC-2418-43F7-A4DE-C8C2AA472BD2}.Release|x86.Build.0 = Release|Win32
		{0D9EFFFC-2418-43F7-A4DE-C8C2AA472BD2}.Release-Static|x64.ActiveCfg = Release Static|x64
		{0D9EFFFC-2418-43F7-A4DE-C8C2AA472BD2}.Release-Static|x64.Build.0 = Release Static|x64
		{0D9EFFFC-2418-43F7-A4DE-C8C2AA472BD2}.Release-Static|x86.ActiveCfg = Release|Win32
		{0D9EFFFC-2418-43F7-A4DE-C8C2AA472BD2}.Release-Static|x86.Build.0 = Release|Win32
		{8E4E1953-48F3-4BFC-95B6-961B73BB641C}.Debug|x64.ActiveCfg = Debug|x64
		{8E4E1953-48F3-4BFC-95B6-961B73BB641C}.Debug|x64.Build.0 = Debug|x64
		{8E4E1953-48F3-4BFC-95B6-961B73BB641C}.Debug|x86.ActiveCfg = Debug|Win32
		{8E4E1953-48F3-4BFC-95B6-961B73BB641C}.Debug|x86.Build.0 = Debug|Win32
		{8E4E1953-48F3-4BFC-95B6-961B73BB641C}.Debug-Static|x64.ActiveCfg = Debug|x64
		{8E4E1953-48F3-4BFC-95B6-961B73BB641C}.Debug-Static|x64.Build.0 = Debug|x64
		{8E4E1953-48F3-4BFC-95B6-961B73BB641C}.Debug-Static|x86.ActiveCfg = Debug|Win32
		{8E4E1953-48F3-4BFC-95B6-961B73BB641C}.Debug-Static|x86.Build.0 = Debug|Win32
		{8E4E1953-48F3-4BFC-95B6-961B73BB641C}.Release|x64.ActiveCfg = Release|x64
		{8E4E1953-48F3-4BFC-95B6-961B73BB641C}.Release|x64.Build.0 = Release|x64
		{8E4E1953-48F3-4BFC-95B6-961B73BB641C}.Release|x86.ActiveCfg = Release|Win32
		{8E4E1953-48F3-4BFC-95B6-961B73BB641C}.Release|x86.Build.0 = Release|Win32
		{8E4E1953-48F3-4BFC-95B6-961B73BB641C}.Release-Static|x64.ActiveCfg = Release|x64
		{8E4E1953-48F3-4BFC-95B6-961B73BB641C}.Release-Static|x64.Build.0 = Release|x64
		{8E4E1953-48F3-4BFC-95B6-961B73BB641C}.Release-Static|x86.ActiveCfg = Release|Win32
		{8E4E1953-48F3-4BFC-95B6-961B73BB641C}.Release-Static|x86.Build.0 = Release|Win32
		{B4B91EE9-7085-4CEA-A9B6-4CA6E23F684B}.Debug|x64.ActiveCfg = Debug|x64
		{B4B91EE9-7085-4CEA-A9B6-4CA6E23F684B}.Debug|x64.Build.0 = Debug|x64
		{B4B91EE9-7085-4CEA-A9B6-4CA6E23F684B}.Debug|x86.ActiveCfg = Debug|Win32
		{B4B91EE9-7085-4CEA-A9B6-4CA6E23F684B}.Debug|x86.Build.0 = Debug|Win32
		{B4B91EE9-7085-4CEA-A9B6-4CA6E23F684B}.Debug-Static|x64.ActiveCfg = Debug|x64
		{B4B91EE9-7085-4CEA-A9B6-4CA6E23F684B}.Debug-Static|x64.Build.0 = Debug|x64
		{B4B91EE9-7085-4CEA-A9B6-4CA6E23F684B}.Debug-Static|x86.ActiveCfg = Debug|Win32
		{B4B91EE9-7085-4CEA-A9B6-4CA6E23F684B}.Debug-Static|x86.Build.0 = Debug|Win32
		{B4B91EE9-7085-4CEA-A9B6-4CA6E23F684B}.Release|x64.ActiveCfg = Release|x64
		{B4B91EE9-7085-4CEA-A9B6-4CA6E23F684B}.Release|x64.Build.0 = Release|x64
		{B4B91EE9-7085-4CEA-A9B6-4CA6E23F684B}.Release|x86.ActiveCfg = Release|Win32
		{B4B91EE9-7085-4CEA-A9B6-4CA6E23F684B}.Release|x86.Build.0 = Release|Win32
		{B4B91EE9-7085-4CEA-A9B6-4CA6E23F684B}.Release-Static|x64.ActiveCfg = Release|x64
		{B4B91EE9-7085-4CEA-A9B6-4CA6E23F684B}.Release-Static|x64.Build.0 = Release|x64
		{B4B91EE9-7085-4CEA-A9B6-4CA6E23F684B}.Release-Static|x86.ActiveCfg = Release|Win32
		{B4B91EE9-7085-4CEA-A9B6-4CA6E23F684B}.Release-Static|x86.Build.0 = Release|Win32
	EndGlobalSection
	GlobalSection(SolutionProperties) = preSolution
		HideSolutionNode = FALSE
	EndGlobalSection
	GlobalSection(ExtensibilityGlobals) = postSolution
		SolutionGuid = {22E3E6F4-4504-406A-A4A7-72E6A129197A}
	EndGlobalSection
EndGlobal
