{
  "nodes": {
    "flake-utils": {
      "locked": {
        "lastModified": 1667395993,
        "narHash": "sha256-nuEHfE/LcWyuSWnS8t12N1wc105Qtau+/OdUAjtQ0rA=",
        "owner": "numtide",
        "repo": "flake-utils",
        "rev": "5aed5285a952e0b949eb3ba02c12fa4fcfef535f",
        "type": "github"
      },
      "original": {
        "owner": "numtide",
        "repo": "flake-utils",
        "type": "github"
      }
    },
    "flake-utils_2": {
      "locked": {
        "lastModified": 1653893745,
        "narHash": "sha256-0jntwV3Z8//YwuOjzhV2sgJJPt+HY6KhU7VZUL0fKZQ=",
        "owner": "numtide",
        "repo": "flake-utils",
        "rev": "1ed9fb1935d260de5fe1c2f7ee0ebaae17ed2fa1",
        "type": "github"
      },
      "original": {
        "owner": "numtide",
        "repo": "flake-utils",
        "type": "github"
      }
    },
    "genie-src": {
      "flake": false,
      "locked": {
        "lastModified": 1639236213,
        "narHash": "sha256-+6xlyWlBJOt/RTx36UrqO0e8tyuX90UKyzFHSAJeCY4=",
        "owner": "bkaradzic",
        "repo": "genie",
        "rev": "7860ea4ae5b2e398276dcdd138032c979301348e",
        "type": "github"
      },
      "original": {
        "owner": "bkaradzic",
        "repo": "genie",
        "type": "github"
      }
    },
    "nix-filter": {
      "locked": {
        "lastModified": 1666547822,
        "narHash": "sha256-razwnAybPHyoAyhkKCwXdxihIqJi1G6e1XP4FQOJTEs=",
        "owner": "numtide",
        "repo": "nix-filter",
        "rev": "1a3b735e13e90a8d2fd5629f2f8363bd7ffbbec7",
        "type": "github"
      },
      "original": {
        "owner": "numtide",
        "repo": "nix-filter",
        "type": "github"
      }
    },
    "nix-filter_2": {
      "locked": {
        "lastModified": 1653590866,
        "narHash": "sha256-E4yKIrt/S//WfW5D9IhQ1dVuaAy8RE7EiCMfnbrOC78=",
        "owner": "numtide",
        "repo": "nix-filter",
        "rev": "3e81a637cdf9f6e9b39aeb4d6e6394d1ad158e16",
        "type": "github"
      },
      "original": {
        "owner": "numtide",
        "repo": "nix-filter",
        "type": "github"
      }
    },
    "nixpkgs": {
      "locked": {
        "lastModified": 1674242456,
        "narHash": "sha256-yBy7rCH7EiBe9+CHZm9YB5ii5GRa+MOxeW0oDEBO8SE=",
        "owner": "nixos",
        "repo": "nixpkgs",
        "rev": "cdead16a444a3e5de7bc9b0af8e198b11bb01804",
        "type": "github"
      },
      "original": {
        "owner": "nixos",
        "ref": "nixos-22.11",
        "repo": "nixpkgs",
        "type": "github"
      }
    },
    "root": {
      "inputs": {
        "flake-utils": "flake-utils",
        "nix-filter": "nix-filter",
        "nixpkgs": [
          "scopes",
          "nixpkgs"
        ],
        "sail-src": "sail-src",
        "scopes": "scopes"
      }
    },
    "sail-src": {
      "flake": false,
      "locked": {
        "lastModified": 1674584311,
        "narHash": "sha256-bkhCjBs0R+jBsK4+WIGg44NCfgHdJsaArQVKoTmCXOw=",
        "owner": "HappySeaFox",
        "repo": "sail",
        "rev": "e01d0b8e86a86a6ea07cf3109f98572606817a04",
        "type": "github"
      },
      "original": {
        "owner": "HappySeaFox",
        "repo": "sail",
        "type": "github"
      }
    },
    "scopes": {
      "inputs": {
        "flake-utils": "flake-utils_2",
        "genie-src": "genie-src",
        "nix-filter": "nix-filter_2",
        "nixpkgs": "nixpkgs",
        "spirv-cross-src": "spirv-cross-src"
      },
      "locked": {
        "lastModified": 1674523810,
        "narHash": "sha256-xjSPHfk3Lv1JseRIh3BdY52LyYYXDIuAMtfBdOp2Fnk=",
        "owner": "Fundament-software",
        "repo": "scopes",
        "rev": "e4bae70c7b6b0fbbf68bb47893fec05ed45f0c8c",
        "type": "github"
      },
      "original": {
        "owner": "Fundament-software",
        "repo": "scopes",
        "type": "github"
      }
    },
    "spirv-cross-src": {
      "flake": false,
      "locked": {
        "lastModified": 1648146442,
        "narHash": "sha256-OluTxOEfDIGMdrXhvIifjpMgZBvyh9ofLKxKt0dX5ZU=",
        "owner": "KhronosGroup",
        "repo": "SPIRV-Cross",
        "rev": "0d4ce028bf8b8a94d325dc1e1c20446153ba19c4",
        "type": "github"
      },
      "original": {
        "owner": "KhronosGroup",
        "repo": "SPIRV-Cross",
        "type": "github"
      }
    }
  },
  "root": "root",
  "version": 7
}
