<?xml version="1.0" encoding="utf-8"?>
<Project ToolsVersion="4.0" xmlns="http://schemas.microsoft.com/developer/msbuild/2003">
  <ItemGroup>
    <CustomBuild Include="main.t" />
  </ItemGroup>
  <ItemGroup>
    <Filter Include="feather">
      <UniqueIdentifier>{b240ca59-54e6-420a-b43b-eda0f3505d1b}</UniqueIdentifier>
    </Filter>
  </ItemGroup>
  <ItemGroup>
    <None Include="..\feather\abstract-codegen.t">
      <Filter>feather</Filter>
    </None>
    <None Include="..\feather\array.t">
      <Filter>feather</Filter>
    </None>
    <None Include="..\feather\backend.t">
      <Filter>feather</Filter>
    </None>
    <None Include="..\feather\calc.t">
      <Filter>feather</Filter>
    </None>
    <None Include="..\feather\c-headers.t">
      <Filter>feather</Filter>
    </None>
    <None Include="..\feather\color.t">
      <Filter>feather</Filter>
    </None>
    <None Include="..\feather\element.t">
      <Filter>feather</Filter>
    </None>
    <None Include="..\feather\enum.t">
      <Filter>feather</Filter>
    </None>
    <None Include="..\feather\enumset.t">
      <Filter>feather</Filter>
    </None>
    <None Include="..\feather\flags.t">
      <Filter>feather</Filter>
    </None>
    <None Include="..\feather\hash.t">
      <Filter>feather</Filter>
    </None>
    <None Include="..\feather\init.t">
      <Filter>feather</Filter>
    </None>
    <None Include="..\feather\libc.t">
      <Filter>feather</Filter>
    </None>
    <None Include="..\feather\log.t">
      <Filter>feather</Filter>
    </None>
    <None Include="..\feather\message.t">
      <Filter>feather</Filter>
    </None>
    <None Include="..\feather\messages.t">
      <Filter>feather</Filter>
    </None>
    <None Include="..\feather\os.t">
      <Filter>feather</Filter>
    </None>
    <None Include="..\feather\partitioner.t">
      <Filter>feather</Filter>
    </None>
    <None Include="..\feather\proto.t">
      <Filter>feather</Filter>
    </None>
    <None Include="..\feather\rect.t">
      <Filter>feather</Filter>
    </None>
    <None Include="..\feather\rtree.t">
      <Filter>feather</Filter>
    </None>
    <None Include="..\feather\shared.t">
      <Filter>feather</Filter>
    </None>
    <None Include="..\feather\string.t">
      <Filter>feather</Filter>
    </None>
    <None Include="..\feather\util.t">
      <Filter>feather</Filter>
    </None>
    <None Include="..\feather\vec.t">
      <Filter>feather</Filter>
    </None>
    <None Include="..\feather\virtual.t">
      <Filter>feather</Filter>
    </None>
  </ItemGroup>
</Project>