
Microsoft Visual Studio Solution File, Format Version 12.00
# Visual Studio Version 17
VisualStudioVersion = 17.13.35806.99
MinimumVisualStudioVersion = 10.0.40219.1
Project("{FAE04EC0-301F-11D3-BF4B-00C04F79EFBC}") = "calculator-cs", "calculator-cs\calculator-cs.csproj", "{8BD2C020-CB73-4468-9BC9-A0D5D833E337}"
EndProject
Global
	GlobalSection(SolutionConfigurationPlatforms) = preSolution
		Debug|Any CPU = Debug|Any CPU
		Release|Any CPU = Release|Any CPU
	EndGlobalSection
	GlobalSection(ProjectConfigurationPlatforms) = postSolution
		{8BD2C020-CB73-4468-9BC9-A0D5D833E337}.Debug|Any CPU.ActiveCfg = Debug|Any CPU
		{8BD2C020-CB73-4468-9BC9-A0D5D833E337}.Debug|Any CPU.Build.0 = Debug|Any CPU
		{8BD2C020-CB73-4468-9BC9-A0D5D833E337}.Release|Any CPU.ActiveCfg = Release|Any CPU
		{8BD2C020-CB73-4468-9BC9-A0D5D833E337}.Release|Any CPU.Build.0 = Release|Any CPU
	EndGlobalSection
	GlobalSection(SolutionProperties) = preSolution
		HideSolutionNode = FALSE
	EndGlobalSection
	GlobalSection(ExtensibilityGlobals) = postSolution
		SolutionGuid = {76FCE354-22B6-4164-BB01-7F6A0E8FA418}
	EndGlobalSection
EndGlobal
