<?xml version="1.0" encoding="utf-8"?>
<Project ToolsVersion="4.0" xmlns="http://schemas.microsoft.com/developer/msbuild/2003">
  <ItemGroup>
    <Filter Include="Resource Files">
      <UniqueIdentifier>{67DA6AB6-F800-4c08-8B7A-83BB121AAD01}</UniqueIdentifier>
      <Extensions>rc;ico;cur;bmp;dlg;rc2;rct;bin;rgs;gif;jpg;jpeg;jpe;resx;tiff;tif;png;wav;mfcribbon-ms</Extensions>
    </Filter>
    <Filter Include="include">
      <UniqueIdentifier>{93995380-89BD-4b04-88EB-625FBE52EBFB}</UniqueIdentifier>
      <Extensions>h;hpp;hxx;hm;inl;inc;xsd</Extensions>
    </Filter>
    <Filter Include="Source Files">
      <UniqueIdentifier>{4FC737F1-C7A5-4376-A066-2A32D752A2FF}</UniqueIdentifier>
      <Extensions>cpp;c;cc;cxx;def;odl;idl;hpj;bat;asm;asmx</Extensions>
    </Filter>
    <Filter Include="Header Files">
      <UniqueIdentifier>{3419f061-47c7-4594-ba31-a2d3014c4de8}</UniqueIdentifier>
    </Filter>
  </ItemGroup>
  <ItemGroup>
    <ResourceCompile Include="feathergui.rc">
      <Filter>Resource Files</Filter>
    </ResourceCompile>
  </ItemGroup>
  <ItemGroup>
    <ClInclude Include="..\include\feathergui\feathergui.h">
      <Filter>include</Filter>
    </ClInclude>
    <ClInclude Include="..\include\feathergui\bss_compiler.h">
      <Filter>include</Filter>
    </ClInclude>
    <ClInclude Include="..\include\feathergui\fgButton.h">
      <Filter>include</Filter>
    </ClInclude>
    <ClInclude Include="..\include\feathergui\fgMenu.h">
      <Filter>include</Filter>
    </ClInclude>
    <ClInclude Include="..\include\feathergui\fgRoot.h">
      <Filter>include</Filter>
    </ClInclude>
    <ClInclude Include="..\include\feathergui\fgList.h">
      <Filter>include</Filter>
    </ClInclude>
    <ClInclude Include="..\include\feathergui\fgScrollbar.h">
      <Filter>include</Filter>
    </ClInclude>
    <ClInclude Include="..\include\feathergui\fgCombobox.h">
      <Filter>include</Filter>
    </ClInclude>
    <ClInclude Include="..\include\feathergui\fgTextbox.h">
      <Filter>include</Filter>
    </ClInclude>
    <ClInclude Include="..\include\feathergui\fgSkin.h">
      <Filter>include</Filter>
    </ClInclude>
    <ClInclude Include="..\include\feathergui\fgLayout.h">
      <Filter>include</Filter>
    </ClInclude>
    <ClInclude Include="..\include\feathergui\fgText.h">
      <Filter>include</Filter>
    </ClInclude>
    <ClInclude Include="..\include\feathergui\fgResource.h">
      <Filter>include</Filter>
    </ClInclude>
    <ClInclude Include="..\include\feathergui\fgCheckbox.h">
      <Filter>include</Filter>
    </ClInclude>
    <ClInclude Include="..\include\feathergui\fgSlider.h">
      <Filter>include</Filter>
    </ClInclude>
    <ClInclude Include="..\include\feathergui\fgProgressbar.h">
      <Filter>include</Filter>
    </ClInclude>
    <ClInclude Include="feathercpp.h">
      <Filter>Header Files</Filter>
    </ClInclude>
    <ClInclude Include="..\include\feathergui\fgDropdown.h">
      <Filter>include</Filter>
    </ClInclude>
    <ClInclude Include="..\include\feathergui\fgMonitor.h">
      <Filter>include</Filter>
    </ClInclude>
    <ClInclude Include="..\include\feathergui\fgBox.h">
      <Filter>include</Filter>
    </ClInclude>
    <ClInclude Include="..\include\feathergui\fgControl.h">
      <Filter>include</Filter>
    </ClInclude>
    <ClInclude Include="..\include\feathergui\fgElement.h">
      <Filter>include</Filter>
    </ClInclude>
    <ClInclude Include="..\include\feathergui\fgWindow.h">
      <Filter>include</Filter>
    </ClInclude>
    <ClInclude Include="..\include\feathergui\fgStyle.h">
      <Filter>include</Filter>
    </ClInclude>
    <ClInclude Include="..\include\feathergui\fgDebug.h">
      <Filter>include</Filter>
    </ClInclude>
    <ClInclude Include="..\include\feathergui\fgWorkspace.h">
      <Filter>include</Filter>
    </ClInclude>
    <ClInclude Include="..\include\feathergui\fgToolbar.h">
      <Filter>include</Filter>
    </ClInclude>
    <ClInclude Include="..\include\feathergui\fgCurve.h">
      <Filter>include</Filter>
    </ClInclude>
    <ClInclude Include="..\include\feathergui\fgGrid.h">
      <Filter>include</Filter>
    </ClInclude>
    <ClInclude Include="..\include\feathergui\fgTreeview.h">
      <Filter>include</Filter>
    </ClInclude>
    <ClInclude Include="..\include\feathergui\fgRadiobutton.h">
      <Filter>include</Filter>
    </ClInclude>
    <ClInclude Include="..\include\feathergui\fgTabcontrol.h">
      <Filter>include</Filter>
    </ClInclude>
    <ClInclude Include="..\include\feathergui\fgBackend.h">
      <Filter>include</Filter>
    </ClInclude>
    <ClInclude Include="..\include\feathergui\fgAll.h">
      <Filter>include</Filter>
    </ClInclude>
    <ClInclude Include="..\include\feathergui\fgSkinTree.h">
      <Filter>include</Filter>
    </ClInclude>
  </ItemGroup>
  <ItemGroup>
    <ClCompile Include="feathergui.cpp">
      <Filter>Source Files</Filter>
    </ClCompile>
    <ClCompile Include="fgButton.cpp">
      <Filter>Source Files</Filter>
    </ClCompile>
    <ClCompile Include="fgLayout.cpp">
      <Filter>Source Files</Filter>
    </ClCompile>
    <ClCompile Include="fgMenu.cpp">
      <Filter>Source Files</Filter>
    </ClCompile>
    <ClCompile Include="fgResource.cpp">
      <Filter>Source Files</Filter>
    </ClCompile>
    <ClCompile Include="fgRoot.cpp">
      <Filter>Source Files</Filter>
    </ClCompile>
    <ClCompile Include="fgSkin.cpp">
      <Filter>Source Files</Filter>
    </ClCompile>
    <ClCompile Include="fgText.cpp">
      <Filter>Source Files</Filter>
    </ClCompile>
    <ClCompile Include="fgProgressbar.cpp">
      <Filter>Source Files</Filter>
    </ClCompile>
    <ClCompile Include="fgCheckbox.cpp">
      <Filter>Source Files</Filter>
    </ClCompile>
    <ClCompile Include="fgSlider.cpp">
      <Filter>Source Files</Filter>
    </ClCompile>
    <ClCompile Include="fgScrollbar.cpp">
      <Filter>Source Files</Filter>
    </ClCompile>
    <ClCompile Include="fgList.cpp">
      <Filter>Source Files</Filter>
    </ClCompile>
    <ClCompile Include="fgMonitor.cpp">
      <Filter>Source Files</Filter>
    </ClCompile>
    <ClCompile Include="fgBox.cpp">
      <Filter>Source Files</Filter>
    </ClCompile>
    <ClCompile Include="fgControl.cpp">
      <Filter>Source Files</Filter>
    </ClCompile>
    <ClCompile Include="fgElement.cpp">
      <Filter>Source Files</Filter>
    </ClCompile>
    <ClCompile Include="fgWindow.cpp">
      <Filter>Source Files</Filter>
    </ClCompile>
    <ClCompile Include="fgStyle.cpp">
      <Filter>Source Files</Filter>
    </ClCompile>
    <ClCompile Include="fgTextbox.cpp">
      <Filter>Source Files</Filter>
    </ClCompile>
    <ClCompile Include="fgDebug.cpp">
      <Filter>Source Files</Filter>
    </ClCompile>
    <ClCompile Include="ConvertUTF.c">
      <Filter>Source Files</Filter>
    </ClCompile>
    <ClCompile Include="cXML.cpp">
      <Filter>Source Files</Filter>
    </ClCompile>
    <ClCompile Include="fgCurve.cpp">
      <Filter>Source Files</Filter>
    </ClCompile>
    <ClCompile Include="fgDropdown.cpp">
      <Filter>Source Files</Filter>
    </ClCompile>
    <ClCompile Include="fgGrid.cpp">
      <Filter>Source Files</Filter>
    </ClCompile>
    <ClCompile Include="fgLayoutFunctions.cpp">
      <Filter>Source Files</Filter>
    </ClCompile>
    <ClCompile Include="fgRadiobutton.cpp">
      <Filter>Source Files</Filter>
    </ClCompile>
    <ClCompile Include="fgTreeview.cpp">
      <Filter>Source Files</Filter>
    </ClCompile>
    <ClCompile Include="fgTabcontrol.cpp">
      <Filter>Source Files</Filter>
    </ClCompile>
    <ClCompile Include="fgBackend.cpp">
      <Filter>Source Files</Filter>
    </ClCompile>
    <ClCompile Include="ccheck.c">
      <Filter>Source Files</Filter>
    </ClCompile>
    <ClCompile Include="fgWorkspace.cpp">
      <Filter>Source Files</Filter>
    </ClCompile>
    <ClCompile Include="fgSkinTree.cpp">
      <Filter>Source Files</Filter>
    </ClCompile>
    <ClCompile Include="fgSkinParseXML.cpp">
      <Filter>Source Files</Filter>
    </ClCompile>
    <ClCompile Include="fgToolbar.cpp">
      <Filter>Source Files</Filter>
    </ClCompile>
    <ClCompile Include="fgCombobox.cpp">
      <Filter>Source Files</Filter>
    </ClCompile>
    <ClCompile Include="fgSkinWriteXML.cpp">
      <Filter>Source Files</Filter>
    </ClCompile>
  </ItemGroup>
</Project>